
Microsoft Visual Studio Solution File, Format Version 12.00
# Visual Studio Version 17
VisualStudioVersion = 17.8.34330.188
MinimumVisualStudioVersion = 10.0.40219.1
Project("{FAE04EC0-301F-11D3-BF4B-00C04F79EFBC}") = "Mayintarlasii", "Mayintarlasii.csproj", "{B902DBD6-23D6-453C-99EC-AD43487BF56A}"
EndProject
Global
	GlobalSection(SolutionConfigurationPlatforms) = preSolution
		Debug|Any CPU = Debug|Any CPU
		Release|Any CPU = Release|Any CPU
	EndGlobalSection
	GlobalSection(ProjectConfigurationPlatforms) = postSolution
		{B902DBD6-23D6-453C-99EC-AD43487BF56A}.Debug|Any CPU.ActiveCfg = Debug|Any CPU
		{B902DBD6-23D6-453C-99EC-AD43487BF56A}.Debug|Any CPU.Build.0 = Debug|Any CPU
		{B902DBD6-23D6-453C-99EC-AD43487BF56A}.Release|Any CPU.ActiveCfg = Release|Any CPU
		{B902DBD6-23D6-453C-99EC-AD43487BF56A}.Release|Any CPU.Build.0 = Release|Any CPU
	EndGlobalSection
	GlobalSection(SolutionProperties) = preSolution
		HideSolutionNode = FALSE
	EndGlobalSection
	GlobalSection(ExtensibilityGlobals) = postSolution
		SolutionGuid = {C96AF241-7B37-4725-8607-0631604FA38E}
	EndGlobalSection
EndGlobal
